
Microsoft Visual Studio Solution File, Format Version 12.00
# Visual Studio Version 16
VisualStudioVersion = 16.0.30406.217
MinimumVisualStudioVersion = 10.0.40219.1
Project("{9A19103F-16F7-4668-BE54-9A1E7A4F7556}") = "Denali.Models", "Denali.Models.Data\Denali.Models.csproj", "{0BC29CAB-CEE7-4A12-94EA-81411F28B13C}"
EndProject
Project("{9A19103F-16F7-4668-BE54-9A1E7A4F7556}") = "Denali.Services", "Denali.Services\Denali.Services.csproj", "{1DE59245-0708-471D-9D18-3A8DE1CA9962}"
EndProject
Project("{9A19103F-16F7-4668-BE54-9A1E7A4F7556}") = "Denali.Processors", "Denali.Processors\Denali.Processors.csproj", "{FBB9C0A9-9DB1-4328-AAC7-4135ED5C8086}"
EndProject
Project("{9A19103F-16F7-4668-BE54-9A1E7A4F7556}") = "Denali.Worker", "Denali.Worker\Denali.Worker.csproj", "{454C0793-FA38-48B6-BB79-222CEB36D5B6}"
EndProject
Project("{9A19103F-16F7-4668-BE54-9A1E7A4F7556}") = "Denali.Algorithms", "Denali.Algorithms\Denali.Algorithms.csproj", "{8F477A62-9E1B-40C0-9C11-D748B09F5FF3}"
EndProject
Project("{9A19103F-16F7-4668-BE54-9A1E7A4F7556}") = "Denali.Shared", "Denali.Shared\Denali.Shared.csproj", "{9D48EBE4-2B9A-4F40-8007-A3A347A808DD}"
EndProject
Project("{2150E333-8FDC-42A3-9474-1A3956D46DE8}") = "Algorithms", "Algorithms", "{EE745226-9802-4F54-969F-6E1F5C177825}"
EndProject
Project("{9A19103F-16F7-4668-BE54-9A1E7A4F7556}") = "Denali.Algorithms.Test", "Denali.Algorithms.Test\Denali.Algorithms.Test.csproj", "{134BD69C-4155-45E3-AC34-1BFD145A26C0}"
EndProject
Project("{2150E333-8FDC-42A3-9474-1A3956D46DE8}") = "Strategies", "Strategies", "{9F1BFD8B-C0AA-4BE6-B942-314E2A3A26CC}"
EndProject
Project("{FAE04EC0-301F-11D3-BF4B-00C04F79EFBC}") = "Denali.Strategies", "Denali.Strategies\Denali.Strategies.csproj", "{A270142F-6495-4FC2-BFCF-5F263853B311}"
EndProject
Global
	GlobalSection(SolutionConfigurationPlatforms) = preSolution
		Debug|Any CPU = Debug|Any CPU
		Release|Any CPU = Release|Any CPU
	EndGlobalSection
	GlobalSection(ProjectConfigurationPlatforms) = postSolution
		{0BC29CAB-CEE7-4A12-94EA-81411F28B13C}.Debug|Any CPU.ActiveCfg = Debug|Any CPU
		{0BC29CAB-CEE7-4A12-94EA-81411F28B13C}.Debug|Any CPU.Build.0 = Debug|Any CPU
		{0BC29CAB-CEE7-4A12-94EA-81411F28B13C}.Release|Any CPU.ActiveCfg = Release|Any CPU
		{0BC29CAB-CEE7-4A12-94EA-81411F28B13C}.Release|Any CPU.Build.0 = Release|Any CPU
		{1DE59245-0708-471D-9D18-3A8DE1CA9962}.Debug|Any CPU.ActiveCfg = Debug|Any CPU
		{1DE59245-0708-471D-9D18-3A8DE1CA9962}.Debug|Any CPU.Build.0 = Debug|Any CPU
		{1DE59245-0708-471D-9D18-3A8DE1CA9962}.Release|Any CPU.ActiveCfg = Release|Any CPU
		{1DE59245-0708-471D-9D18-3A8DE1CA9962}.Release|Any CPU.Build.0 = Release|Any CPU
		{FBB9C0A9-9DB1-4328-AAC7-4135ED5C8086}.Debug|Any CPU.ActiveCfg = Debug|Any CPU
		{FBB9C0A9-9DB1-4328-AAC7-4135ED5C8086}.Debug|Any CPU.Build.0 = Debug|Any CPU
		{FBB9C0A9-9DB1-4328-AAC7-4135ED5C8086}.Release|Any CPU.ActiveCfg = Release|Any CPU
		{FBB9C0A9-9DB1-4328-AAC7-4135ED5C8086}.Release|Any CPU.Build.0 = Release|Any CPU
		{454C0793-FA38-48B6-BB79-222CEB36D5B6}.Debug|Any CPU.ActiveCfg = Debug|Any CPU
		{454C0793-FA38-48B6-BB79-222CEB36D5B6}.Debug|Any CPU.Build.0 = Debug|Any CPU
		{454C0793-FA38-48B6-BB79-222CEB36D5B6}.Release|Any CPU.ActiveCfg = Release|Any CPU
		{454C0793-FA38-48B6-BB79-222CEB36D5B6}.Release|Any CPU.Build.0 = Release|Any CPU
		{8F477A62-9E1B-40C0-9C11-D748B09F5FF3}.Debug|Any CPU.ActiveCfg = Debug|Any CPU
		{8F477A62-9E1B-40C0-9C11-D748B09F5FF3}.Debug|Any CPU.Build.0 = Debug|Any CPU
		{8F477A62-9E1B-40C0-9C11-D748B09F5FF3}.Release|Any CPU.ActiveCfg = Release|Any CPU
		{8F477A62-9E1B-40C0-9C11-D748B09F5FF3}.Release|Any CPU.Build.0 = Release|Any CPU
		{9D48EBE4-2B9A-4F40-8007-A3A347A808DD}.Debug|Any CPU.ActiveCfg = Debug|Any CPU
		{9D48EBE4-2B9A-4F40-8007-A3A347A808DD}.Debug|Any CPU.Build.0 = Debug|Any CPU
		{9D48EBE4-2B9A-4F40-8007-A3A347A808DD}.Release|Any CPU.ActiveCfg = Release|Any CPU
		{9D48EBE4-2B9A-4F40-8007-A3A347A808DD}.Release|Any CPU.Build.0 = Release|Any CPU
		{134BD69C-4155-45E3-AC34-1BFD145A26C0}.Debug|Any CPU.ActiveCfg = Debug|Any CPU
		{134BD69C-4155-45E3-AC34-1BFD145A26C0}.Debug|Any CPU.Build.0 = Debug|Any CPU
		{134BD69C-4155-45E3-AC34-1BFD145A26C0}.Release|Any CPU.ActiveCfg = Release|Any CPU
		{134BD69C-4155-45E3-AC34-1BFD145A26C0}.Release|Any CPU.Build.0 = Release|Any CPU
		{A270142F-6495-4FC2-BFCF-5F263853B311}.Debug|Any CPU.ActiveCfg = Debug|Any CPU
		{A270142F-6495-4FC2-BFCF-5F263853B311}.Debug|Any CPU.Build.0 = Debug|Any CPU
		{A270142F-6495-4FC2-BFCF-5F263853B311}.Release|Any CPU.ActiveCfg = Release|Any CPU
		{A270142F-6495-4FC2-BFCF-5F263853B311}.Release|Any CPU.Build.0 = Release|Any CPU
	EndGlobalSection
	GlobalSection(SolutionProperties) = preSolution
		HideSolutionNode = FALSE
	EndGlobalSection
	GlobalSection(NestedProjects) = preSolution
		{8F477A62-9E1B-40C0-9C11-D748B09F5FF3} = {EE745226-9802-4F54-969F-6E1F5C177825}
		{134BD69C-4155-45E3-AC34-1BFD145A26C0} = {EE745226-9802-4F54-969F-6E1F5C177825}
		{A270142F-6495-4FC2-BFCF-5F263853B311} = {9F1BFD8B-C0AA-4BE6-B942-314E2A3A26CC}
	EndGlobalSection
	GlobalSection(ExtensibilityGlobals) = postSolution
		SolutionGuid = {4B871F76-E611-4A75-9C98-3DE0546C4E88}
	EndGlobalSection
EndGlobal
