
Microsoft Visual Studio Solution File, Format Version 12.00
# Visual Studio Version 16
VisualStudioVersion = 16.0.30406.217
MinimumVisualStudioVersion = 10.0.40219.1
Project("{9A19103F-16F7-4668-BE54-9A1E7A4F7556}") = "Denali.Runner", "Denali.Runner\Denali.Runner.csproj", "{142DFCCD-F3A4-422C-92F0-4913F09B671F}"
EndProject
Project("{9A19103F-16F7-4668-BE54-9A1E7A4F7556}") = "Denali.Models.Data", "Denali.Models.Data\Denali.Models.Data.csproj", "{0BC29CAB-CEE7-4A12-94EA-81411F28B13C}"
EndProject
Project("{FAE04EC0-301F-11D3-BF4B-00C04F79EFBC}") = "Denali.Services", "Denali.Services\Denali.Services.csproj", "{1DE59245-0708-471D-9D18-3A8DE1CA9962}"
EndProject
Global
	GlobalSection(SolutionConfigurationPlatforms) = preSolution
		Debug|Any CPU = Debug|Any CPU
		Release|Any CPU = Release|Any CPU
	EndGlobalSection
	GlobalSection(ProjectConfigurationPlatforms) = postSolution
		{142DFCCD-F3A4-422C-92F0-4913F09B671F}.Debug|Any CPU.ActiveCfg = Debug|Any CPU
		{142DFCCD-F3A4-422C-92F0-4913F09B671F}.Debug|Any CPU.Build.0 = Debug|Any CPU
		{142DFCCD-F3A4-422C-92F0-4913F09B671F}.Release|Any CPU.ActiveCfg = Release|Any CPU
		{142DFCCD-F3A4-422C-92F0-4913F09B671F}.Release|Any CPU.Build.0 = Release|Any CPU
		{0BC29CAB-CEE7-4A12-94EA-81411F28B13C}.Debug|Any CPU.ActiveCfg = Debug|Any CPU
		{0BC29CAB-CEE7-4A12-94EA-81411F28B13C}.Debug|Any CPU.Build.0 = Debug|Any CPU
		{0BC29CAB-CEE7-4A12-94EA-81411F28B13C}.Release|Any CPU.ActiveCfg = Release|Any CPU
		{0BC29CAB-CEE7-4A12-94EA-81411F28B13C}.Release|Any CPU.Build.0 = Release|Any CPU
		{1DE59245-0708-471D-9D18-3A8DE1CA9962}.Debug|Any CPU.ActiveCfg = Debug|Any CPU
		{1DE59245-0708-471D-9D18-3A8DE1CA9962}.Debug|Any CPU.Build.0 = Debug|Any CPU
		{1DE59245-0708-471D-9D18-3A8DE1CA9962}.Release|Any CPU.ActiveCfg = Release|Any CPU
		{1DE59245-0708-471D-9D18-3A8DE1CA9962}.Release|Any CPU.Build.0 = Release|Any CPU
	EndGlobalSection
	GlobalSection(SolutionProperties) = preSolution
		HideSolutionNode = FALSE
	EndGlobalSection
	GlobalSection(ExtensibilityGlobals) = postSolution
		SolutionGuid = {4B871F76-E611-4A75-9C98-3DE0546C4E88}
	EndGlobalSection
EndGlobal
