Microsoft Visual Studio Solution File, Format Version 12.00
# Visual Studio Version 17
VisualStudioVersion = 17.5.2.0
MinimumVisualStudioVersion = 10.0.40219.1
Project("{FAE04EC0-301F-11D3-BF4B-00C04F79EFBC}") = "Denali.API", "Denali.API.csproj", "{3146AFB3-3014-2B10-4A1D-0356768E938B}"
EndProject
Global
	GlobalSection(SolutionConfigurationPlatforms) = preSolution
		Debug|Any CPU = Debug|Any CPU
		Release|Any CPU = Release|Any CPU
	EndGlobalSection
	GlobalSection(ProjectConfigurationPlatforms) = postSolution
		{3146AFB3-3014-2B10-4A1D-0356768E938B}.Debug|Any CPU.ActiveCfg = Debug|Any CPU
		{3146AFB3-3014-2B10-4A1D-0356768E938B}.Debug|Any CPU.Build.0 = Debug|Any CPU
		{3146AFB3-3014-2B10-4A1D-0356768E938B}.Release|Any CPU.ActiveCfg = Release|Any CPU
		{3146AFB3-3014-2B10-4A1D-0356768E938B}.Release|Any CPU.Build.0 = Release|Any CPU
	EndGlobalSection
	GlobalSection(SolutionProperties) = preSolution
		HideSolutionNode = FALSE
	EndGlobalSection
	GlobalSection(ExtensibilityGlobals) = postSolution
		SolutionGuid = {26EDA012-74C4-411C-80D0-2496DFCF9493}
	EndGlobalSection
EndGlobal
