
Microsoft Visual Studio Solution File, Format Version 12.00
# Visual Studio Version 17
VisualStudioVersion = 17.0.32112.339
MinimumVisualStudioVersion = 10.0.40219.1
Project("{9A19103F-16F7-4668-BE54-9A1E7A4F7556}") = "Denali.Worker", "Denali.Worker\Denali.Worker.csproj", "{FC69173C-E40C-4267-890F-0CEF6999487C}"
EndProject
Project("{9A19103F-16F7-4668-BE54-9A1E7A4F7556}") = "Denali.Services", "Denali.Services\Denali.Services.csproj", "{CC264D01-E703-4120-8449-0C163A63EE6F}"
EndProject
Project("{9A19103F-16F7-4668-BE54-9A1E7A4F7556}") = "Denali.Processors", "Denali.Processors\Denali.Processors.csproj", "{9EEB3794-3B39-44BA-91AA-ADA64F3D54CF}"
EndProject
Project("{9A19103F-16F7-4668-BE54-9A1E7A4F7556}") = "Denali.Models", "Denali.Models\Denali.Models.csproj", "{C8F8EB62-D7EB-41F4-9879-A50A62646F27}"
EndProject
Project("{9A19103F-16F7-4668-BE54-9A1E7A4F7556}") = "Denali.TechnicalAnalysis", "Denali.TechnicalAnalysis\Denali.TechnicalAnalysis.csproj", "{7AD00A7F-669C-493D-A221-2892CD8FFF8D}"
EndProject
Project("{9A19103F-16F7-4668-BE54-9A1E7A4F7556}") = "Denali.Shared", "Denali.Shared\Denali.Shared.csproj", "{8849C483-23ED-4A41-86C4-21332730B0C4}"
EndProject
Project("{9A19103F-16F7-4668-BE54-9A1E7A4F7556}") = "CSharpAPI", "..\..\TWS API\source\CSharpClient\client\CSharpAPI.csproj", "{290E4653-402F-4EC8-967F-FE8E42926104}"
EndProject
Project("{FAE04EC0-301F-11D3-BF4B-00C04F79EFBC}") = "InteractiveBrokers.API", "InteractiveBrokers.API\InteractiveBrokers.API.csproj", "{A229C23B-F35A-406C-89B4-7BC6B47B5200}"
EndProject
Global
	GlobalSection(SolutionConfigurationPlatforms) = preSolution
		Debug|Any CPU = Debug|Any CPU
		Release|Any CPU = Release|Any CPU
	EndGlobalSection
	GlobalSection(ProjectConfigurationPlatforms) = postSolution
		{FC69173C-E40C-4267-890F-0CEF6999487C}.Debug|Any CPU.ActiveCfg = Debug|Any CPU
		{FC69173C-E40C-4267-890F-0CEF6999487C}.Debug|Any CPU.Build.0 = Debug|Any CPU
		{FC69173C-E40C-4267-890F-0CEF6999487C}.Release|Any CPU.ActiveCfg = Release|Any CPU
		{FC69173C-E40C-4267-890F-0CEF6999487C}.Release|Any CPU.Build.0 = Release|Any CPU
		{CC264D01-E703-4120-8449-0C163A63EE6F}.Debug|Any CPU.ActiveCfg = Debug|Any CPU
		{CC264D01-E703-4120-8449-0C163A63EE6F}.Debug|Any CPU.Build.0 = Debug|Any CPU
		{CC264D01-E703-4120-8449-0C163A63EE6F}.Release|Any CPU.ActiveCfg = Release|Any CPU
		{CC264D01-E703-4120-8449-0C163A63EE6F}.Release|Any CPU.Build.0 = Release|Any CPU
		{9EEB3794-3B39-44BA-91AA-ADA64F3D54CF}.Debug|Any CPU.ActiveCfg = Debug|Any CPU
		{9EEB3794-3B39-44BA-91AA-ADA64F3D54CF}.Debug|Any CPU.Build.0 = Debug|Any CPU
		{9EEB3794-3B39-44BA-91AA-ADA64F3D54CF}.Release|Any CPU.ActiveCfg = Release|Any CPU
		{9EEB3794-3B39-44BA-91AA-ADA64F3D54CF}.Release|Any CPU.Build.0 = Release|Any CPU
		{C8F8EB62-D7EB-41F4-9879-A50A62646F27}.Debug|Any CPU.ActiveCfg = Debug|Any CPU
		{C8F8EB62-D7EB-41F4-9879-A50A62646F27}.Debug|Any CPU.Build.0 = Debug|Any CPU
		{C8F8EB62-D7EB-41F4-9879-A50A62646F27}.Release|Any CPU.ActiveCfg = Release|Any CPU
		{C8F8EB62-D7EB-41F4-9879-A50A62646F27}.Release|Any CPU.Build.0 = Release|Any CPU
		{7AD00A7F-669C-493D-A221-2892CD8FFF8D}.Debug|Any CPU.ActiveCfg = Debug|Any CPU
		{7AD00A7F-669C-493D-A221-2892CD8FFF8D}.Debug|Any CPU.Build.0 = Debug|Any CPU
		{7AD00A7F-669C-493D-A221-2892CD8FFF8D}.Release|Any CPU.ActiveCfg = Release|Any CPU
		{7AD00A7F-669C-493D-A221-2892CD8FFF8D}.Release|Any CPU.Build.0 = Release|Any CPU
		{8849C483-23ED-4A41-86C4-21332730B0C4}.Debug|Any CPU.ActiveCfg = Debug|Any CPU
		{8849C483-23ED-4A41-86C4-21332730B0C4}.Debug|Any CPU.Build.0 = Debug|Any CPU
		{8849C483-23ED-4A41-86C4-21332730B0C4}.Release|Any CPU.ActiveCfg = Release|Any CPU
		{8849C483-23ED-4A41-86C4-21332730B0C4}.Release|Any CPU.Build.0 = Release|Any CPU
		{290E4653-402F-4EC8-967F-FE8E42926104}.Debug|Any CPU.ActiveCfg = Debug|Any CPU
		{290E4653-402F-4EC8-967F-FE8E42926104}.Debug|Any CPU.Build.0 = Debug|Any CPU
		{290E4653-402F-4EC8-967F-FE8E42926104}.Release|Any CPU.ActiveCfg = Release|Any CPU
		{290E4653-402F-4EC8-967F-FE8E42926104}.Release|Any CPU.Build.0 = Release|Any CPU
		{A229C23B-F35A-406C-89B4-7BC6B47B5200}.Debug|Any CPU.ActiveCfg = Debug|Any CPU
		{A229C23B-F35A-406C-89B4-7BC6B47B5200}.Debug|Any CPU.Build.0 = Debug|Any CPU
		{A229C23B-F35A-406C-89B4-7BC6B47B5200}.Release|Any CPU.ActiveCfg = Release|Any CPU
		{A229C23B-F35A-406C-89B4-7BC6B47B5200}.Release|Any CPU.Build.0 = Release|Any CPU
	EndGlobalSection
	GlobalSection(SolutionProperties) = preSolution
		HideSolutionNode = FALSE
	EndGlobalSection
	GlobalSection(ExtensibilityGlobals) = postSolution
		SolutionGuid = {378BE330-E32B-4042-B4CF-64755E6EA69F}
	EndGlobalSection
EndGlobal
